
Microsoft Visual Studio Solution File, Format Version 12.00
# Visual Studio Version 17
VisualStudioVersion = 17.4.33122.133
MinimumVisualStudioVersion = 10.0.40219.1
Project("{FAE04EC0-301F-11D3-BF4B-00C04F79EFBC}") = "Presentación", "Presentación\Presentación.csproj", "{9C52E497-3E22-45F2-A141-343F5689E31B}"
EndProject
Project("{FAE04EC0-301F-11D3-BF4B-00C04F79EFBC}") = "Dominio", "Dominio\Dominio.csproj", "{6244DC9E-BEF3-4284-A15A-C6190C179787}"
EndProject
Project("{FAE04EC0-301F-11D3-BF4B-00C04F79EFBC}") = "Negocio", "Negocio\Negocio.csproj", "{7824AF5B-1869-4118-8150-63F4541EFD11}"
EndProject
Global
	GlobalSection(SolutionConfigurationPlatforms) = preSolution
		Debug|Any CPU = Debug|Any CPU
		Release|Any CPU = Release|Any CPU
	EndGlobalSection
	GlobalSection(ProjectConfigurationPlatforms) = postSolution
		{9C52E497-3E22-45F2-A141-343F5689E31B}.Debug|Any CPU.ActiveCfg = Debug|Any CPU
		{9C52E497-3E22-45F2-A141-343F5689E31B}.Debug|Any CPU.Build.0 = Debug|Any CPU
		{9C52E497-3E22-45F2-A141-343F5689E31B}.Release|Any CPU.ActiveCfg = Release|Any CPU
		{9C52E497-3E22-45F2-A141-343F5689E31B}.Release|Any CPU.Build.0 = Release|Any CPU
		{6244DC9E-BEF3-4284-A15A-C6190C179787}.Debug|Any CPU.ActiveCfg = Debug|Any CPU
		{6244DC9E-BEF3-4284-A15A-C6190C179787}.Debug|Any CPU.Build.0 = Debug|Any CPU
		{6244DC9E-BEF3-4284-A15A-C6190C179787}.Release|Any CPU.ActiveCfg = Release|Any CPU
		{6244DC9E-BEF3-4284-A15A-C6190C179787}.Release|Any CPU.Build.0 = Release|Any CPU
		{7824AF5B-1869-4118-8150-63F4541EFD11}.Debug|Any CPU.ActiveCfg = Debug|Any CPU
		{7824AF5B-1869-4118-8150-63F4541EFD11}.Debug|Any CPU.Build.0 = Debug|Any CPU
		{7824AF5B-1869-4118-8150-63F4541EFD11}.Release|Any CPU.ActiveCfg = Release|Any CPU
		{7824AF5B-1869-4118-8150-63F4541EFD11}.Release|Any CPU.Build.0 = Release|Any CPU
	EndGlobalSection
	GlobalSection(SolutionProperties) = preSolution
		HideSolutionNode = FALSE
	EndGlobalSection
	GlobalSection(ExtensibilityGlobals) = postSolution
		SolutionGuid = {75822EB9-044A-4371-BF57-C6534037CCA2}
	EndGlobalSection
EndGlobal
